
Microsoft Visual Studio Solution File, Format Version 12.00
# Visual Studio Version 16
VisualStudioVersion = 16.0.31729.503
MinimumVisualStudioVersion = 10.0.40219.1
Project("{9A19103F-16F7-4668-BE54-9A1E7A4F7556}") = "AADWebAppOIDC2", "AADWebAppOIDC2.csproj", "{1EAACBA6-5673-4440-939E-2DC76A90D908}"
EndProject
Global
	GlobalSection(SolutionConfigurationPlatforms) = preSolution
		Debug|Any CPU = Debug|Any CPU
		Release|Any CPU = Release|Any CPU
	EndGlobalSection
	GlobalSection(ProjectConfigurationPlatforms) = postSolution
		{1EAACBA6-5673-4440-939E-2DC76A90D908}.Debug|Any CPU.ActiveCfg = Debug|Any CPU
		{1EAACBA6-5673-4440-939E-2DC76A90D908}.Debug|Any CPU.Build.0 = Debug|Any CPU
		{1EAACBA6-5673-4440-939E-2DC76A90D908}.Release|Any CPU.ActiveCfg = Release|Any CPU
		{1EAACBA6-5673-4440-939E-2DC76A90D908}.Release|Any CPU.Build.0 = Release|Any CPU
	EndGlobalSection
	GlobalSection(SolutionProperties) = preSolution
		HideSolutionNode = FALSE
	EndGlobalSection
	GlobalSection(ExtensibilityGlobals) = postSolution
		SolutionGuid = {840260F2-1E29-4236-BC91-64F014DD2FEE}
	EndGlobalSection
EndGlobal
